
Microsoft Visual Studio Solution File, Format Version 11.00
# Visual Studio 2010
Project("{FAE04EC0-301F-11D3-BF4B-00C04F79EFBC}") = "Assembly-CSharp", "Assembly-CSharp.csproj", "{D5069231-A4ED-E904-103B-0583B2F97A4D}"
EndProject
Project("{FAE04EC0-301F-11D3-BF4B-00C04F79EFBC}") = "Assembly-CSharp-Editor", "Assembly-CSharp-Editor.csproj", "{B016D69C-5A8C-E660-6BDA-8B76FDEB5A65}"
EndProject
Project("{FAE04EC0-301F-11D3-BF4B-00C04F79EFBC}") = "Assembly-CSharp-Editor-firstpass", "Assembly-CSharp-Editor-firstpass.csproj", "{9A9FC3FA-CD99-A82C-FCC6-E4EA3BE6F0A3}"
EndProject
Global
	GlobalSection(SolutionConfigurationPlatforms) = preSolution
		Debug|Any CPU = Debug|Any CPU
		Release|Any CPU = Release|Any CPU
	EndGlobalSection
	GlobalSection(ProjectConfigurationPlatforms) = postSolution
		{D5069231-A4ED-E904-103B-0583B2F97A4D}.Debug|Any CPU.ActiveCfg = Debug|Any CPU
		{D5069231-A4ED-E904-103B-0583B2F97A4D}.Debug|Any CPU.Build.0 = Debug|Any CPU
		{D5069231-A4ED-E904-103B-0583B2F97A4D}.Release|Any CPU.ActiveCfg = Release|Any CPU
		{D5069231-A4ED-E904-103B-0583B2F97A4D}.Release|Any CPU.Build.0 = Release|Any CPU
		{B016D69C-5A8C-E660-6BDA-8B76FDEB5A65}.Debug|Any CPU.ActiveCfg = Debug|Any CPU
		{B016D69C-5A8C-E660-6BDA-8B76FDEB5A65}.Debug|Any CPU.Build.0 = Debug|Any CPU
		{B016D69C-5A8C-E660-6BDA-8B76FDEB5A65}.Release|Any CPU.ActiveCfg = Release|Any CPU
		{B016D69C-5A8C-E660-6BDA-8B76FDEB5A65}.Release|Any CPU.Build.0 = Release|Any CPU
		{9A9FC3FA-CD99-A82C-FCC6-E4EA3BE6F0A3}.Debug|Any CPU.ActiveCfg = Debug|Any CPU
		{9A9FC3FA-CD99-A82C-FCC6-E4EA3BE6F0A3}.Debug|Any CPU.Build.0 = Debug|Any CPU
		{9A9FC3FA-CD99-A82C-FCC6-E4EA3BE6F0A3}.Release|Any CPU.ActiveCfg = Release|Any CPU
		{9A9FC3FA-CD99-A82C-FCC6-E4EA3BE6F0A3}.Release|Any CPU.Build.0 = Release|Any CPU
	EndGlobalSection
	GlobalSection(SolutionProperties) = preSolution
		HideSolutionNode = FALSE
	EndGlobalSection
	GlobalSection(MonoDevelopProperties) = preSolution
		StartupItem = Assembly-CSharp.csproj
	EndGlobalSection
EndGlobal
